<?xml version="1.0" encoding="utf-8"?>
<Project ToolsVersion="4.0" xmlns="http://schemas.microsoft.com/developer/msbuild/2003">
  <ItemGroup>
    <Filter Include="Source Files">
      <UniqueIdentifier>{4FC737F1-C7A5-4376-A066-2A32D752A2FF}</UniqueIdentifier>
      <Extensions>cpp;c;cc;cxx;c++;cppm;ixx;def;odl;idl;hpj;bat;asm;asmx</Extensions>
    </Filter>
    <Filter Include="Header Files">
      <UniqueIdentifier>{93995380-89BD-4b04-88EB-625FBE52EBFB}</UniqueIdentifier>
      <Extensions>h;hh;hpp;hxx;h++;hm;inl;inc;ipp;xsd</Extensions>
    </Filter>
    <Filter Include="Resource Files">
      <UniqueIdentifier>{67DA6AB6-F800-4c08-8B7A-83BB121AAD01}</UniqueIdentifier>
      <Extensions>rc;ico;cur;bmp;dlg;rc2;rct;bin;rgs;gif;jpg;jpeg;jpe;resx;tiff;tif;png;wav;mfcribbon-ms</Extensions>
    </Filter>
    <Filter Include="Source Files\TankSpace">
      <UniqueIdentifier>{cccf0e64-5561-4600-b3a2-cb6fd8412e61}</UniqueIdentifier>
    </Filter>
    <Filter Include="Header Files\TankSpace">
      <UniqueIdentifier>{953100a5-2b2f-4738-9243-de5f4477131a}</UniqueIdentifier>
    </Filter>
  </ItemGroup>
  <ItemGroup>
    <ClCompile Include="src\Main.cpp">
      <Filter>Source Files</Filter>
    </ClCompile>
    <ClCompile Include="src\TankSpace\Gate.cpp">
      <Filter>Source Files\TankSpace</Filter>
    </ClCompile>
    <ClCompile Include="src\TankSpace\Missile.cpp">
      <Filter>Source Files\TankSpace</Filter>
    </ClCompile>
    <ClCompile Include="src\TankSpace\PlayerTank.cpp">
      <Filter>Source Files\TankSpace</Filter>
    </ClCompile>
    <ClCompile Include="src\TankSpace\Tank.cpp">
      <Filter>Source Files\TankSpace</Filter>
    </ClCompile>
    <ClCompile Include="src\TankSpace\TankSpace.cpp">
      <Filter>Source Files\TankSpace</Filter>
    </ClCompile>
    <ClCompile Include="src\TankSpace\Wall.cpp">
      <Filter>Source Files\TankSpace</Filter>
    </ClCompile>
    <ClCompile Include="src\TankSpace\Ball.cpp">
      <Filter>Source Files\TankSpace</Filter>
    </ClCompile>
    <ClCompile Include="src\TankSpace\BoostGauge.cpp">
      <Filter>Source Files\TankSpace</Filter>
    </ClCompile>
    <ClCompile Include="src\TankSpace\EnemyTank.cpp">
      <Filter>Source Files\TankSpace</Filter>
    </ClCompile>
    <ClCompile Include="src\TankSpace\EnemySpawner.cpp">
      <Filter>Source Files\TankSpace</Filter>
    </ClCompile>
    <ClCompile Include="src\TankSpace\Difficulty.cpp">
      <Filter>Source Files\TankSpace</Filter>
    </ClCompile>
    <ClCompile Include="src\TankSpace\SparkEmitter.cpp">
      <Filter>Source Files\TankSpace</Filter>
    </ClCompile>
    <ClCompile Include="src\TankSpace\RechargeGauge.cpp">
      <Filter>Source Files\TankSpace</Filter>
    </ClCompile>
    <ClCompile Include="src\TankSpace\GunGauge.cpp">
      <Filter>Source Files\TankSpace</Filter>
    </ClCompile>
    <ClCompile Include="src\TankSpace\SmoothGauge.cpp">
      <Filter>Source Files\TankSpace</Filter>
    </ClCompile>
    <ClCompile Include="src\TankSpace\HealthGauge.cpp">
      <Filter>Source Files\TankSpace</Filter>
    </ClCompile>
    <ClCompile Include="src\TankSpace\SmokeEmitter.cpp">
      <Filter>Source Files\TankSpace</Filter>
    </ClCompile>
    <ClCompile Include="src\TankSpace\Score.cpp">
      <Filter>Source Files\TankSpace</Filter>
    </ClCompile>
  </ItemGroup>
  <ItemGroup>
    <ClInclude Include="src\TankSpace\Ball.hpp">
      <Filter>Header Files\TankSpace</Filter>
    </ClInclude>
    <ClInclude Include="src\TankSpace\BoostGauge.hpp">
      <Filter>Header Files\TankSpace</Filter>
    </ClInclude>
    <ClInclude Include="src\TankSpace\EnemyTank.hpp">
      <Filter>Header Files\TankSpace</Filter>
    </ClInclude>
    <ClInclude Include="src\TankSpace\Gate.hpp">
      <Filter>Header Files\TankSpace</Filter>
    </ClInclude>
    <ClInclude Include="src\TankSpace\Missile.hpp">
      <Filter>Header Files\TankSpace</Filter>
    </ClInclude>
    <ClInclude Include="src\TankSpace\PlayerTank.hpp">
      <Filter>Header Files\TankSpace</Filter>
    </ClInclude>
    <ClInclude Include="src\TankSpace\Tank.hpp">
      <Filter>Header Files\TankSpace</Filter>
    </ClInclude>
    <ClInclude Include="src\TankSpace\TankSpace.hpp">
      <Filter>Header Files\TankSpace</Filter>
    </ClInclude>
    <ClInclude Include="src\TankSpace\Wall.hpp">
      <Filter>Header Files\TankSpace</Filter>
    </ClInclude>
    <ClInclude Include="src\TankSpace\EnemySpawner.hpp">
      <Filter>Header Files\TankSpace</Filter>
    </ClInclude>
    <ClInclude Include="src\TankSpace\Difficulty.hpp">
      <Filter>Header Files\TankSpace</Filter>
    </ClInclude>
    <ClInclude Include="src\TankSpace\SparkEmitter.hpp">
      <Filter>Header Files\TankSpace</Filter>
    </ClInclude>
    <ClInclude Include="src\TankSpace\RechargeGauge.hpp">
      <Filter>Header Files\TankSpace</Filter>
    </ClInclude>
    <ClInclude Include="src\TankSpace\GunGauge.hpp">
      <Filter>Header Files\TankSpace</Filter>
    </ClInclude>
    <ClInclude Include="src\TankSpace\SmoothGauge.hpp">
      <Filter>Header Files\TankSpace</Filter>
    </ClInclude>
    <ClInclude Include="src\TankSpace\HealthGauge.hpp">
      <Filter>Header Files\TankSpace</Filter>
    </ClInclude>
    <ClInclude Include="src\TankSpace\SmokeEmitter.hpp">
      <Filter>Header Files\TankSpace</Filter>
    </ClInclude>
    <ClInclude Include="src\TankSpace\Score.hpp">
      <Filter>Header Files\TankSpace</Filter>
    </ClInclude>
  </ItemGroup>
</Project>